// !$*UTF8*$!
{
	archiveVersion = 1;
	classes = {
	};
	objectVersion = 50;
	objects = {

/* Begin PBXBuildFile section */
		A8606DC025CE506D00E988B8 /* AppDelegate.swift in Sources */ = {isa = PBXBuildFile; fileRef = A8606DBF25CE506D00E988B8 /* AppDelegate.swift */; };
		A8606DC225CE506D00E988B8 /* SceneDelegate.swift in Sources */ = {isa = PBXBuildFile; fileRef = A8606DC125CE506D00E988B8 /* SceneDelegate.swift */; };
		A8606DC425CE506D00E988B8 /* ViewController.swift in Sources */ = {isa = PBXBuildFile; fileRef = A8606DC325CE506D00E988B8 /* ViewController.swift */; };
		A8606DC725CE506D00E988B8 /* Main.storyboard in Resources */ = {isa = PBXBuildFile; fileRef = A8606DC525CE506D00E988B8 /* Main.storyboard */; };
		A8606DC925CE506E00E988B8 /* Assets.xcassets in Resources */ = {isa = PBXBuildFile; fileRef = A8606DC825CE506E00E988B8 /* Assets.xcassets */; };
		A8606DCC25CE506E00E988B8 /* LaunchScreen.storyboard in Resources */ = {isa = PBXBuildFile; fileRef = A8606DCA25CE506E00E988B8 /* LaunchScreen.storyboard */; };
		A8606DD725CE506F00E988B8 /* NewsAppTests.swift in Sources */ = {isa = PBXBuildFile; fileRef = A8606DD625CE506F00E988B8 /* NewsAppTests.swift */; };
		A8606DE225CE506F00E988B8 /* NewsAppUITests.swift in Sources */ = {isa = PBXBuildFile; fileRef = A8606DE125CE506F00E988B8 /* NewsAppUITests.swift */; };
/* End PBXBuildFile section */

/* Begin PBXContainerItemProxy section */
		A8606DD325CE506F00E988B8 /* PBXContainerItemProxy */ = {
			isa = PBXContainerItemProxy;
			containerPortal = A8606DB425CE506D00E988B8 /* Project object */;
			proxyType = 1;
			remoteGlobalIDString = A8606DBB25CE506D00E988B8;
			remoteInfo = NewsApp;
		};
		A8606DDE25CE506F00E988B8 /* PBXContainerItemProxy */ = {
			isa = PBXContainerItemProxy;
			containerPortal = A8606DB425CE506D00E988B8 /* Project object */;
			proxyType = 1;
			remoteGlobalIDString = A8606DBB25CE506D00E988B8;
			remoteInfo = NewsApp;
		};
/* End PBXContainerItemProxy section */

/* Begin PBXFileReference section */
		A8606DBC25CE506D00E988B8 /* NewsApp.app */ = {isa = PBXFileReference; explicitFileType = wrapper.application; includeInIndex = 0; path = NewsApp.app; sourceTree = BUILT_PRODUCTS_DIR; };
		A8606DBF25CE506D00E988B8 /* AppDelegate.swift */ = {isa = PBXFileReference; lastKnownFileType = sourcecode.swift; path = AppDelegate.swift; sourceTree = "<group>"; };
		A8606DC125CE506D00E988B8 /* SceneDelegate.swift */ = {isa = PBXFileReference; lastKnownFileType = sourcecode.swift; path = SceneDelegate.swift; sourceTree = "<group>"; };
		A8606DC325CE506D00E988B8 /* ViewController.swift */ = {isa = PBXFileReference; lastKnownFileType = sourcecode.swift; path = ViewController.swift; sourceTree = "<group>"; };
		A8606DC625CE506D00E988B8 /* Base */ = {isa = PBXFileReference; lastKnownFileType = file.storyboard; name = Base; path = Base.lproj/Main.storyboard; sourceTree = "<group>"; };
		A8606DC825CE506E00E988B8 /* Assets.xcassets */ = {isa = PBXFileReference; lastKnownFileType = folder.assetcatalog; path = Assets.xcassets; sourceTree = "<group>"; };
		A8606DCB25CE506E00E988B8 /* Base */ = {isa = PBXFileReference; lastKnownFileType = file.storyboard; name = Base; path = Base.lproj/LaunchScreen.storyboard; sourceTree = "<group>"; };
		A8606DCD25CE506E00E988B8 /* Info.plist */ = {isa = PBXFileReference; lastKnownFileType = text.plist.xml; path = Info.plist; sourceTree = "<group>"; };
		A8606DD225CE506F00E988B8 /* NewsAppTests.xctest */ = {isa = PBXFileReference; explicitFileType = wrapper.cfbundle; includeInIndex = 0; path = NewsAppTests.xctest; sourceTree = BUILT_PRODUCTS_DIR; };
		A8606DD625CE506F00E988B8 /* NewsAppTests.swift */ = {isa = PBXFileReference; lastKnownFileType = sourcecode.swift; path = NewsAppTests.swift; sourceTree = "<group>"; };
		A8606DD825CE506F00E988B8 /* Info.plist */ = {isa = PBXFileReference; lastKnownFileType = text.plist.xml; path = Info.plist; sourceTree = "<group>"; };
		A8606DDD25CE506F00E988B8 /* NewsAppUITests.xctest */ = {isa = PBXFileReference; explicitFileType = wrapper.cfbundle; includeInIndex = 0; path = NewsAppUITests.xctest; sourceTree = BUILT_PRODUCTS_DIR; };
		A8606DE125CE506F00E988B8 /* NewsAppUITests.swift */ = {isa = PBXFileReference; lastKnownFileType = sourcecode.swift; path = NewsAppUITests.swift; sourceTree = "<group>"; };
		A8606DE325CE506F00E988B8 /* Info.plist */ = {isa = PBXFileReference; lastKnownFileType = text.plist.xml; path = Info.plist; sourceTree = "<group>"; };
/* End PBXFileReference section */

/* Begin PBXFrameworksBuildPhase section */
		A8606DB925CE506D00E988B8 /* Frameworks */ = {
			isa = PBXFrameworksBuildPhase;
			buildActionMask = 2147483647;
			files = (
			);
			runOnlyForDeploymentPostprocessing = 0;
		};
		A8606DCF25CE506F00E988B8 /* Frameworks */ = {
			isa = PBXFrameworksBuildPhase;
			buildActionMask = 2147483647;
			files = (
			);
			runOnlyForDeploymentPostprocessing = 0;
		};
		A8606DDA25CE506F00E988B8 /* Frameworks */ = {
			isa = PBXFrameworksBuildPhase;
			buildActionMask = 2147483647;
			files = (
			);
			runOnlyForDeploymentPostprocessing = 0;
		};
/* End PBXFrameworksBuildPhase section */

/* Begin PBXGroup section */
		A8606DB325CE506D00E988B8 = {
			isa = PBXGroup;
			children = (
				A8606DBE25CE506D00E988B8 /* NewsApp */,
				A8606DD525CE506F00E988B8 /* NewsAppTests */,
				A8606DE025CE506F00E988B8 /* NewsAppUITests */,
				A8606DBD25CE506D00E988B8 /* Products */,
			);
			sourceTree = "<group>";
		};
		A8606DBD25CE506D00E988B8 /* Products */ = {
			isa = PBXGroup;
			children = (
				A8606DBC25CE506D00E988B8 /* NewsApp.app */,
				A8606DD225CE506F00E988B8 /* NewsAppTests.xctest */,
				A8606DDD25CE506F00E988B8 /* NewsAppUITests.xctest */,
			);
			name = Products;
			sourceTree = "<group>";
		};
		A8606DBE25CE506D00E988B8 /* NewsApp */ = {
			isa = PBXGroup;
			children = (
				A8606DBF25CE506D00E988B8 /* AppDelegate.swift */,
				A8606DC125CE506D00E988B8 /* SceneDelegate.swift */,
				A8606DC325CE506D00E988B8 /* ViewController.swift */,
				A8606DC525CE506D00E988B8 /* Main.storyboard */,
				A8606DC825CE506E00E988B8 /* Assets.xcassets */,
				A8606DCA25CE506E00E988B8 /* LaunchScreen.storyboard */,
				A8606DCD25CE506E00E988B8 /* Info.plist */,
			);
			path = NewsApp;
			sourceTree = "<group>";
		};
		A8606DD525CE506F00E988B8 /* NewsAppTests */ = {
			isa = PBXGroup;
			children = (
				A8606DD625CE506F00E988B8 /* NewsAppTests.swift */,
				A8606DD825CE506F00E988B8 /* Info.plist */,
			);
			path = NewsAppTests;
			sourceTree = "<group>";
		};
		A8606DE025CE506F00E988B8 /* NewsAppUITests */ = {
			isa = PBXGroup;
			children = (
				A8606DE125CE506F00E988B8 /* NewsAppUITests.swift */,
				A8606DE325CE506F00E988B8 /* Info.plist */,
			);
			path = NewsAppUITests;
			sourceTree = "<group>";
		};
/* End PBXGroup section */

/* Begin PBXNativeTarget section */
		A8606DBB25CE506D00E988B8 /* NewsApp */ = {
			isa = PBXNativeTarget;
			buildConfigurationList = A8606DE625CE506F00E988B8 /* Build configuration list for PBXNativeTarget "NewsApp" */;
			buildPhases = (
				A8606DB825CE506D00E988B8 /* Sources */,
				A8606DB925CE506D00E988B8 /* Frameworks */,
				A8606DBA25CE506D00E988B8 /* Resources */,
			);
			buildRules = (
			);
			dependencies = (
			);
			name = NewsApp;
			productName = NewsApp;
			productReference = A8606DBC25CE506D00E988B8 /* NewsApp.app */;
			productType = "com.apple.product-type.application";
		};
		A8606DD125CE506F00E988B8 /* NewsAppTests */ = {
			isa = PBXNativeTarget;
			buildConfigurationList = A8606DE925CE506F00E988B8 /* Build configuration list for PBXNativeTarget "NewsAppTests" */;
			buildPhases = (
				A8606DCE25CE506F00E988B8 /* Sources */,
				A8606DCF25CE506F00E988B8 /* Frameworks */,
				A8606DD025CE506F00E988B8 /* Resources */,
			);
			buildRules = (
			);
			dependencies = (
				A8606DD425CE506F00E988B8 /* PBXTargetDependency */,
			);
			name = NewsAppTests;
			productName = NewsAppTests;
			productReference = A8606DD225CE506F00E988B8 /* NewsAppTests.xctest */;
			productType = "com.apple.product-type.bundle.unit-test";
		};
		A8606DDC25CE506F00E988B8 /* NewsAppUITests */ = {
			isa = PBXNativeTarget;
			buildConfigurationList = A8606DEC25CE506F00E988B8 /* Build configuration list for PBXNativeTarget "NewsAppUITests" */;
			buildPhases = (
				A8606DD925CE506F00E988B8 /* Sources */,
				A8606DDA25CE506F00E988B8 /* Frameworks */,
				A8606DDB25CE506F00E988B8 /* Resources */,
			);
			buildRules = (
			);
			dependencies = (
				A8606DDF25CE506F00E988B8 /* PBXTargetDependency */,
			);
			name = NewsAppUITests;
			productName = NewsAppUITests;
			productReference = A8606DDD25CE506F00E988B8 /* NewsAppUITests.xctest */;
			productType = "com.apple.product-type.bundle.ui-testing";
		};
/* End PBXNativeTarget section */

/* Begin PBXProject section */
		A8606DB425CE506D00E988B8 /* Project object */ = {
			isa = PBXProject;
			attributes = {
				LastSwiftUpdateCheck = 1170;
				LastUpgradeCheck = 1170;
				ORGANIZATIONNAME = "Sapna Bansal";
				TargetAttributes = {
					A8606DBB25CE506D00E988B8 = {
						CreatedOnToolsVersion = 11.7;
					};
					A8606DD125CE506F00E988B8 = {
						CreatedOnToolsVersion = 11.7;
						TestTargetID = A8606DBB25CE506D00E988B8;
					};
					A8606DDC25CE506F00E988B8 = {
						CreatedOnToolsVersion = 11.7;
						TestTargetID = A8606DBB25CE506D00E988B8;
					};
				};
			};
			buildConfigurationList = A8606DB725CE506D00E988B8 /* Build configuration list for PBXProject "NewsApp" */;
			compatibilityVersion = "Xcode 9.3";
			developmentRegion = en;
			hasScannedForEncodings = 0;
			knownRegions = (
				en,
				Base,
			);
			mainGroup = A8606DB325CE506D00E988B8;
			productRefGroup = A8606DBD25CE506D00E988B8 /* Products */;
			projectDirPath = "";
			projectRoot = "";
			targets = (
				A8606DBB25CE506D00E988B8 /* NewsApp */,
				A8606DD125CE506F00E988B8 /* NewsAppTests */,
				A8606DDC25CE506F00E988B8 /* NewsAppUITests */,
			);
		};
/* End PBXProject section */

/* Begin PBXResourcesBuildPhase section */
		A8606DBA25CE506D00E988B8 /* Resources */ = {
			isa = PBXResourcesBuildPhase;
			buildActionMask = 2147483647;
			files = (
				A8606DCC25CE506E00E988B8 /* LaunchScreen.storyboard in Resources */,
				A8606DC925CE506E00E988B8 /* Assets.xcassets in Resources */,
				A8606DC725CE506D00E988B8 /* Main.storyboard in Resources */,
			);
			runOnlyForDeploymentPostprocessing = 0;
		};
		A8606DD025CE506F00E988B8 /* Resources */ = {
			isa = PBXResourcesBuildPhase;
			buildActionMask = 2147483647;
			files = (
			);
			runOnlyForDeploymentPostprocessing = 0;
		};
		A8606DDB25CE506F00E988B8 /* Resources */ = {
			isa = PBXResourcesBuildPhase;
			buildActionMask = 2147483647;
			files = (
			);
			runOnlyForDeploymentPostprocessing = 0;
		};
/* End PBXResourcesBuildPhase section */

/* Begin PBXSourcesBuildPhase section */
		A8606DB825CE506D00E988B8 /* Sources */ = {
			isa = PBXSourcesBuildPhase;
			buildActionMask = 2147483647;
			files = (
				A8606DC425CE506D00E988B8 /* ViewController.swift in Sources */,
				A8606DC025CE506D00E988B8 /* AppDelegate.swift in Sources */,
				A8606DC225CE506D00E988B8 /* SceneDelegate.swift in Sources */,
			);
			runOnlyForDeploymentPostprocessing = 0;
		};
		A8606DCE25CE506F00E988B8 /* Sources */ = {
			isa = PBXSourcesBuildPhase;
			buildActionMask = 2147483647;
			files = (
				A8606DD725CE506F00E988B8 /* NewsAppTests.swift in Sources */,
			);
			runOnlyForDeploymentPostprocessing = 0;
		};
		A8606DD925CE506F00E988B8 /* Sources */ = {
			isa = PBXSourcesBuildPhase;
			buildActionMask = 2147483647;
			files = (
				A8606DE225CE506F00E988B8 /* NewsAppUITests.swift in Sources */,
			);
			runOnlyForDeploymentPostprocessing = 0;
		};
/* End PBXSourcesBuildPhase section */

/* Begin PBXTargetDependency section */
		A8606DD425CE506F00E988B8 /* PBXTargetDependency */ = {
			isa = PBXTargetDependency;
			target = A8606DBB25CE506D00E988B8 /* NewsApp */;
			targetProxy = A8606DD325CE506F00E988B8 /* PBXContainerItemProxy */;
		};
		A8606DDF25CE506F00E988B8 /* PBXTargetDependency */ = {
			isa = PBXTargetDependency;
			target = A8606DBB25CE506D00E988B8 /* NewsApp */;
			targetProxy = A8606DDE25CE506F00E988B8 /* PBXContainerItemProxy */;
		};
/* End PBXTargetDependency section */

/* Begin PBXVariantGroup section */
		A8606DC525CE506D00E988B8 /* Main.storyboard */ = {
			isa = PBXVariantGroup;
			children = (
				A8606DC625CE506D00E988B8 /* Base */,
			);
			name = Main.storyboard;
			sourceTree = "<group>";
		};
		A8606DCA25CE506E00E988B8 /* LaunchScreen.storyboard */ = {
			isa = PBXVariantGroup;
			children = (
				A8606DCB25CE506E00E988B8 /* Base */,
			);
			name = LaunchScreen.storyboard;
			sourceTree = "<group>";
		};
/* End PBXVariantGroup section */

/* Begin XCBuildConfiguration section */
		A8606DE425CE506F00E988B8 /* Debug */ = {
			isa = XCBuildConfiguration;
			buildSettings = {
				ALWAYS_SEARCH_USER_PATHS = NO;
				CLANG_ANALYZER_NONNULL = YES;
				CLANG_ANALYZER_NUMBER_OBJECT_CONVERSION = YES_AGGRESSIVE;
				CLANG_CXX_LANGUAGE_STANDARD = "gnu++14";
				CLANG_CXX_LIBRARY = "libc++";
				CLANG_ENABLE_MODULES = YES;
				CLANG_ENABLE_OBJC_ARC = YES;
				CLANG_ENABLE_OBJC_WEAK = YES;
				CLANG_WARN_BLOCK_CAPTURE_AUTORELEASING = YES;
				CLANG_WARN_BOOL_CONVERSION = YES;
				CLANG_WARN_COMMA = YES;
				CLANG_WARN_CONSTANT_CONVERSION = YES;
				CLANG_WARN_DEPRECATED_OBJC_IMPLEMENTATIONS = YES;
				CLANG_WARN_DIRECT_OBJC_ISA_USAGE = YES_ERROR;
				CLANG_WARN_DOCUMENTATION_COMMENTS = YES;
				CLANG_WARN_EMPTY_BODY = YES;
				CLANG_WARN_ENUM_CONVERSION = YES;
				CLANG_WARN_INFINITE_RECURSION = YES;
				CLANG_WARN_INT_CONVERSION = YES;
				CLANG_WARN_NON_LITERAL_NULL_CONVERSION = YES;
				CLANG_WARN_OBJC_IMPLICIT_RETAIN_SELF = YES;
				CLANG_WARN_OBJC_LITERAL_CONVERSION = YES;
				CLANG_WARN_OBJC_ROOT_CLASS = YES_ERROR;
				CLANG_WARN_RANGE_LOOP_ANALYSIS = YES;
				CLANG_WARN_STRICT_PROTOTYPES = YES;
				CLANG_WARN_SUSPICIOUS_MOVE = YES;
				CLANG_WARN_UNGUARDED_AVAILABILITY = YES_AGGRESSIVE;
				CLANG_WARN_UNREACHABLE_CODE = YES;
				CLANG_WARN__DUPLICATE_METHOD_MATCH = YES;
				COPY_PHASE_STRIP = NO;
				DEBUG_INFORMATION_FORMAT = dwarf;
				ENABLE_STRICT_OBJC_MSGSEND = YES;
				ENABLE_TESTABILITY = YES;
				GCC_C_LANGUAGE_STANDARD = gnu11;
				GCC_DYNAMIC_NO_PIC = NO;
				GCC_NO_COMMON_BLOCKS = YES;
				GCC_OPTIMIZATION_LEVEL = 0;
				GCC_PREPROCESSOR_DEFINITIONS = (
					"DEBUG=1",
					"$(inherited)",
				);
				GCC_WARN_64_TO_32_BIT_CONVERSION = YES;
				GCC_WARN_ABOUT_RETURN_TYPE = YES_ERROR;
				GCC_WARN_UNDECLARED_SELECTOR = YES;
				GCC_WARN_UNINITIALIZED_AUTOS = YES_AGGRESSIVE;
				GCC_WARN_UNUSED_FUNCTION = YES;
				GCC_WARN_UNUSED_VARIABLE = YES;
				IPHONEOS_DEPLOYMENT_TARGET = 13.7;
				MTL_ENABLE_DEBUG_INFO = INCLUDE_SOURCE;
				MTL_FAST_MATH = YES;
				ONLY_ACTIVE_ARCH = YES;
				SDKROOT = iphoneos;
				SWIFT_ACTIVE_COMPILATION_CONDITIONS = DEBUG;
				SWIFT_OPTIMIZATION_LEVEL = "-Onone";
			};
			name = Debug;
		};
		A8606DE525CE506F00E988B8 /* Release */ = {
			isa = XCBuildConfiguration;
			buildSettings = {
				ALWAYS_SEARCH_USER_PATHS = NO;
				CLANG_ANALYZER_NONNULL = YES;
				CLANG_ANALYZER_NUMBER_OBJECT_CONVERSION = YES_AGGRESSIVE;
				CLANG_CXX_LANGUAGE_STANDARD = "gnu++14";
				CLANG_CXX_LIBRARY = "libc++";
				CLANG_ENABLE_MODULES = YES;
				CLANG_ENABLE_OBJC_ARC = YES;
				CLANG_ENABLE_OBJC_WEAK = YES;
				CLANG_WARN_BLOCK_CAPTURE_AUTORELEASING = YES;
				CLANG_WARN_BOOL_CONVERSION = YES;
				CLANG_WARN_COMMA = YES;
				CLANG_WARN_CONSTANT_CONVERSION = YES;
				CLANG_WARN_DEPRECATED_OBJC_IMPLEMENTATIONS = YES;
				CLANG_WARN_DIRECT_OBJC_ISA_USAGE = YES_ERROR;
				CLANG_WARN_DOCUMENTATION_COMMENTS = YES;
				CLANG_WARN_EMPTY_BODY = YES;
				CLANG_WARN_ENUM_CONVERSION = YES;
				CLANG_WARN_INFINITE_RECURSION = YES;
				CLANG_WARN_INT_CONVERSION = YES;
				CLANG_WARN_NON_LITERAL_NULL_CONVERSION = YES;
				CLANG_WARN_OBJC_IMPLICIT_RETAIN_SELF = YES;
				CLANG_WARN_OBJC_LITERAL_CONVERSION = YES;
				CLANG_WARN_OBJC_ROOT_CLASS = YES_ERROR;
				CLANG_WARN_RANGE_LOOP_ANALYSIS = YES;
				CLANG_WARN_STRICT_PROTOTYPES = YES;
				CLANG_WARN_SUSPICIOUS_MOVE = YES;
				CLANG_WARN_UNGUARDED_AVAILABILITY = YES_AGGRESSIVE;
				CLANG_WARN_UNREACHABLE_CODE = YES;
				CLANG_WARN__DUPLICATE_METHOD_MATCH = YES;
				COPY_PHASE_STRIP = NO;
				DEBUG_INFORMATION_FORMAT = "dwarf-with-dsym";
				ENABLE_NS_ASSERTIONS = NO;
				ENABLE_STRICT_OBJC_MSGSEND = YES;
				GCC_C_LANGUAGE_STANDARD = gnu11;
				GCC_NO_COMMON_BLOCKS = YES;
				GCC_WARN_64_TO_32_BIT_CONVERSION = YES;
				GCC_WARN_ABOUT_RETURN_TYPE = YES_ERROR;
				GCC_WARN_UNDECLARED_SELECTOR = YES;
				GCC_WARN_UNINITIALIZED_AUTOS = YES_AGGRESSIVE;
				GCC_WARN_UNUSED_FUNCTION = YES;
				GCC_WARN_UNUSED_VARIABLE = YES;
				IPHONEOS_DEPLOYMENT_TARGET = 13.7;
				MTL_ENABLE_DEBUG_INFO = NO;
				MTL_FAST_MATH = YES;
				SDKROOT = iphoneos;
				SWIFT_COMPILATION_MODE = wholemodule;
				SWIFT_OPTIMIZATION_LEVEL = "-O";
				VALIDATE_PRODUCT = YES;
			};
			name = Release;
		};
		A8606DE725CE506F00E988B8 /* Debug */ = {
			isa = XCBuildConfiguration;
			buildSettings = {
				ASSETCATALOG_COMPILER_APPICON_NAME = AppIcon;
				CODE_SIGN_STYLE = Automatic;
				INFOPLIST_FILE = NewsApp/Info.plist;
				LD_RUNPATH_SEARCH_PATHS = (
					"$(inherited)",
					"@executable_path/Frameworks",
				);
				PRODUCT_BUNDLE_IDENTIFIER = com.demo.NewsApp;
				PRODUCT_NAME = "$(TARGET_NAME)";
				SWIFT_VERSION = 5.0;
				TARGETED_DEVICE_FAMILY = "1,2";
			};
			name = Debug;
		};
		A8606DE825CE506F00E988B8 /* Release */ = {
			isa = XCBuildConfiguration;
			buildSettings = {
				ASSETCATALOG_COMPILER_APPICON_NAME = AppIcon;
				CODE_SIGN_STYLE = Automatic;
				INFOPLIST_FILE = NewsApp/Info.plist;
				LD_RUNPATH_SEARCH_PATHS = (
					"$(inherited)",
					"@executable_path/Frameworks",
				);
				PRODUCT_BUNDLE_IDENTIFIER = com.demo.NewsApp;
				PRODUCT_NAME = "$(TARGET_NAME)";
				SWIFT_VERSION = 5.0;
				TARGETED_DEVICE_FAMILY = "1,2";
			};
			name = Release;
		};
		A8606DEA25CE506F00E988B8 /* Debug */ = {
			isa = XCBuildConfiguration;
			buildSettings = {
				ALWAYS_EMBED_SWIFT_STANDARD_LIBRARIES = YES;
				BUNDLE_LOADER = "$(TEST_HOST)";
				CODE_SIGN_STYLE = Automatic;
				INFOPLIST_FILE = NewsAppTests/Info.plist;
				IPHONEOS_DEPLOYMENT_TARGET = 13.7;
				LD_RUNPATH_SEARCH_PATHS = (
					"$(inherited)",
					"@executable_path/Frameworks",
					"@loader_path/Frameworks",
				);
				PRODUCT_BUNDLE_IDENTIFIER = com.demo.NewsAppTests;
				PRODUCT_NAME = "$(TARGET_NAME)";
				SWIFT_VERSION = 5.0;
				TARGETED_DEVICE_FAMILY = "1,2";
				TEST_HOST = "$(BUILT_PRODUCTS_DIR)/NewsApp.app/NewsApp";
			};
			name = Debug;
		};
		A8606DEB25CE506F00E988B8 /* Release */ = {
			isa = XCBuildConfiguration;
			buildSettings = {
				ALWAYS_EMBED_SWIFT_STANDARD_LIBRARIES = YES;
				BUNDLE_LOADER = "$(TEST_HOST)";
				CODE_SIGN_STYLE = Automatic;
				INFOPLIST_FILE = NewsAppTests/Info.plist;
				IPHONEOS_DEPLOYMENT_TARGET = 13.7;
				LD_RUNPATH_SEARCH_PATHS = (
					"$(inherited)",
					"@executable_path/Frameworks",
					"@loader_path/Frameworks",
				);
				PRODUCT_BUNDLE_IDENTIFIER = com.demo.NewsAppTests;
				PRODUCT_NAME = "$(TARGET_NAME)";
				SWIFT_VERSION = 5.0;
				TARGETED_DEVICE_FAMILY = "1,2";
				TEST_HOST = "$(BUILT_PRODUCTS_DIR)/NewsApp.app/NewsApp";
			};
			name = Release;
		};
		A8606DED25CE506F00E988B8 /* Debug */ = {
			isa = XCBuildConfiguration;
			buildSettings = {
				ALWAYS_EMBED_SWIFT_STANDARD_LIBRARIES = YES;
				CODE_SIGN_STYLE = Automatic;
				INFOPLIST_FILE = NewsAppUITests/Info.plist;
				LD_RUNPATH_SEARCH_PATHS = (
					"$(inherited)",
					"@executable_path/Frameworks",
					"@loader_path/Frameworks",
				);
				PRODUCT_BUNDLE_IDENTIFIER = com.demo.NewsAppUITests;
				PRODUCT_NAME = "$(TARGET_NAME)";
				SWIFT_VERSION = 5.0;
				TARGETED_DEVICE_FAMILY = "1,2";
				TEST_TARGET_NAME = NewsApp;
			};
			name = Debug;
		};
		A8606DEE25CE506F00E988B8 /* Release */ = {
			isa = XCBuildConfiguration;
			buildSettings = {
				ALWAYS_EMBED_SWIFT_STANDARD_LIBRARIES = YES;
				CODE_SIGN_STYLE = Automatic;
				INFOPLIST_FILE = NewsAppUITests/Info.plist;
				LD_RUNPATH_SEARCH_PATHS = (
					"$(inherited)",
					"@executable_path/Frameworks",
					"@loader_path/Frameworks",
				);
				PRODUCT_BUNDLE_IDENTIFIER = com.demo.NewsAppUITests;
				PRODUCT_NAME = "$(TARGET_NAME)";
				SWIFT_VERSION = 5.0;
				TARGETED_DEVICE_FAMILY = "1,2";
				TEST_TARGET_NAME = NewsApp;
			};
			name = Release;
		};
/* End XCBuildConfiguration section */

/* Begin XCConfigurationList section */
		A8606DB725CE506D00E988B8 /* Build configuration list for PBXProject "NewsApp" */ = {
			isa = XCConfigurationList;
			buildConfigurations = (
				A8606DE425CE506F00E988B8 /* Debug */,
				A8606DE525CE506F00E988B8 /* Release */,
			);
			defaultConfigurationIsVisible = 0;
			defaultConfigurationName = Release;
		};
		A8606DE625CE506F00E988B8 /* Build configuration list for PBXNativeTarget "NewsApp" */ = {
			isa = XCConfigurationList;
			buildConfigurations = (
				A8606DE725CE506F00E988B8 /* Debug */,
				A8606DE825CE506F00E988B8 /* Release */,
			);
			defaultConfigurationIsVisible = 0;
			defaultConfigurationName = Release;
		};
		A8606DE925CE506F00E988B8 /* Build configuration list for PBXNativeTarget "NewsAppTests" */ = {
			isa = XCConfigurationList;
			buildConfigurations = (
				A8606DEA25CE506F00E988B8 /* Debug */,
				A8606DEB25CE506F00E988B8 /* Release */,
			);
			defaultConfigurationIsVisible = 0;
			defaultConfigurationName = Release;
		};
		A8606DEC25CE506F00E988B8 /* Build configuration list for PBXNativeTarget "NewsAppUITests" */ = {
			isa = XCConfigurationList;
			buildConfigurations = (
				A8606DED25CE506F00E988B8 /* Debug */,
				A8606DEE25CE506F00E988B8 /* Release */,
			);
			defaultConfigurationIsVisible = 0;
			defaultConfigurationName = Release;
		};
/* End XCConfigurationList section */
	};
	rootObject = A8606DB425CE506D00E988B8 /* Project object */;
}
